
Microsoft Visual Studio Solution File, Format Version 12.00
# Visual Studio Version 17
VisualStudioVersion = 17.10.35122.118
MinimumVisualStudioVersion = 10.0.40219.1
Project("{9A19103F-16F7-4668-BE54-9A1E7A4F7556}") = "SimpleArrays", "SimpleArrays\SimpleArrays.csproj", "{826EB1CC-942A-4A04-92F4-F012F5C59758}"
EndProject
Project("{9A19103F-16F7-4668-BE54-9A1E7A4F7556}") = "ArrayInitialization", "ArrayInitialization\ArrayInitialization.csproj", "{866FC315-D13E-4F05-A490-7455F6AA69A5}"
EndProject
Project("{9A19103F-16F7-4668-BE54-9A1E7A4F7556}") = "DeclareImplicitArrays", "DeclareImplicitArrays\DeclareImplicitArrays.csproj", "{C78C419E-698E-420E-BBF3-5B7091E849DD}"
EndProject
Project("{9A19103F-16F7-4668-BE54-9A1E7A4F7556}") = "ArrayOfObjects", "ArrayOfObjects\ArrayOfObjects.csproj", "{333E8768-A436-4E2C-965D-176E333615B4}"
EndProject
Project("{9A19103F-16F7-4668-BE54-9A1E7A4F7556}") = "RectMultidimentionalArray", "RectMultidimentionalArray\RectMultidimentionalArray.csproj", "{10C79802-3566-435B-A941-BD7416142525}"
EndProject
Project("{9A19103F-16F7-4668-BE54-9A1E7A4F7556}") = "PrintArray", "PrintArray\PrintArray.csproj", "{B5B77444-664D-496E-B883-64D5BD2177E6}"
EndProject
Project("{9A19103F-16F7-4668-BE54-9A1E7A4F7556}") = "SystemArrayFunctionality", "SystemArrayFunctionality\SystemArrayFunctionality.csproj", "{016613A5-B3CD-414F-A6DA-B0196D0F8A62}"
EndProject
Project("{9A19103F-16F7-4668-BE54-9A1E7A4F7556}") = "FunWithLocalFunctions", "FunWithLocalFunctions\FunWithLocalFunctions.csproj", "{120AEE85-EBB3-4BB1-9A03-FA644CBB13F1}"
EndProject
Project("{9A19103F-16F7-4668-BE54-9A1E7A4F7556}") = "AddWrapperWithSideEffect", "AddWrapperWithSideEffect\AddWrapperWithSideEffect.csproj", "{623F9631-2C7F-46FE-9394-2E138F3DD06B}"
EndProject
Project("{9A19103F-16F7-4668-BE54-9A1E7A4F7556}") = "FunWithMethods", "FunWithMethods\FunWithMethods.csproj", "{3250E299-8B90-415D-800B-8389040B6D84}"
EndProject
Project("{9A19103F-16F7-4668-BE54-9A1E7A4F7556}") = "AddUsingOutParams", "AddUsingOutParams\AddUsingOutParams.csproj", "{74A66911-1EE5-4A26-972A-D5F288738A3F}"
EndProject
Project("{9A19103F-16F7-4668-BE54-9A1E7A4F7556}") = "FillTheseValues", "FillTheseValues\FillTheseValues.csproj", "{327163C1-88DD-4906-BC83-9928F71B4026}"
EndProject
Project("{9A19103F-16F7-4668-BE54-9A1E7A4F7556}") = "SwapString", "SwapString\SwapString.csproj", "{7DE5E11D-CCE9-4D5B-9400-2E3D92973D02}"
EndProject
Project("{9A19103F-16F7-4668-BE54-9A1E7A4F7556}") = "CalculateAverage", "CalculateAverage\CalculateAverage.csproj", "{1AF6D3AD-49FF-4557-AEF3-7BFA73250B96}"
EndProject
Project("{9A19103F-16F7-4668-BE54-9A1E7A4F7556}") = "DisplayFancyMessage", "DisplayFancyMessage\DisplayFancyMessage.csproj", "{0E87CAD5-3515-474E-B129-D828B469894E}"
EndProject
Project("{9A19103F-16F7-4668-BE54-9A1E7A4F7556}") = "FunWithMethodsOverloading", "FunWithMethodsOverloading\FunWithMethodsOverloading.csproj", "{4B2C4B5D-D269-49D5-8A45-624F70C74055}"
EndProject
Project("{9A19103F-16F7-4668-BE54-9A1E7A4F7556}") = "FunWithEnums", "FunWithEnums\FunWithEnums.csproj", "{5EEBFE3B-BC0B-4FDD-8125-B5CC42D1D203}"
EndProject
Project("{9A19103F-16F7-4668-BE54-9A1E7A4F7556}") = "FunWithBitwiseOperations", "FunWithBitwiseOperations\FunWithBitwiseOperations.csproj", "{7FE57979-BEBF-4453-A8D7-CF992A2EBA38}"
EndProject
Project("{FAE04EC0-301F-11D3-BF4B-00C04F79EFBC}") = "FunWithStructures", "FunWithStructures\FunWithStructures.csproj", "{35260251-9499-4166-98C2-C204E5534A05}"
EndProject
Global
	GlobalSection(SolutionConfigurationPlatforms) = preSolution
		Debug|Any CPU = Debug|Any CPU
		Release|Any CPU = Release|Any CPU
	EndGlobalSection
	GlobalSection(ProjectConfigurationPlatforms) = postSolution
		{826EB1CC-942A-4A04-92F4-F012F5C59758}.Debug|Any CPU.ActiveCfg = Debug|Any CPU
		{826EB1CC-942A-4A04-92F4-F012F5C59758}.Debug|Any CPU.Build.0 = Debug|Any CPU
		{826EB1CC-942A-4A04-92F4-F012F5C59758}.Release|Any CPU.ActiveCfg = Release|Any CPU
		{826EB1CC-942A-4A04-92F4-F012F5C59758}.Release|Any CPU.Build.0 = Release|Any CPU
		{866FC315-D13E-4F05-A490-7455F6AA69A5}.Debug|Any CPU.ActiveCfg = Debug|Any CPU
		{866FC315-D13E-4F05-A490-7455F6AA69A5}.Debug|Any CPU.Build.0 = Debug|Any CPU
		{866FC315-D13E-4F05-A490-7455F6AA69A5}.Release|Any CPU.ActiveCfg = Release|Any CPU
		{866FC315-D13E-4F05-A490-7455F6AA69A5}.Release|Any CPU.Build.0 = Release|Any CPU
		{C78C419E-698E-420E-BBF3-5B7091E849DD}.Debug|Any CPU.ActiveCfg = Debug|Any CPU
		{C78C419E-698E-420E-BBF3-5B7091E849DD}.Debug|Any CPU.Build.0 = Debug|Any CPU
		{C78C419E-698E-420E-BBF3-5B7091E849DD}.Release|Any CPU.ActiveCfg = Release|Any CPU
		{C78C419E-698E-420E-BBF3-5B7091E849DD}.Release|Any CPU.Build.0 = Release|Any CPU
		{333E8768-A436-4E2C-965D-176E333615B4}.Debug|Any CPU.ActiveCfg = Debug|Any CPU
		{333E8768-A436-4E2C-965D-176E333615B4}.Debug|Any CPU.Build.0 = Debug|Any CPU
		{333E8768-A436-4E2C-965D-176E333615B4}.Release|Any CPU.ActiveCfg = Release|Any CPU
		{333E8768-A436-4E2C-965D-176E333615B4}.Release|Any CPU.Build.0 = Release|Any CPU
		{10C79802-3566-435B-A941-BD7416142525}.Debug|Any CPU.ActiveCfg = Debug|Any CPU
		{10C79802-3566-435B-A941-BD7416142525}.Debug|Any CPU.Build.0 = Debug|Any CPU
		{10C79802-3566-435B-A941-BD7416142525}.Release|Any CPU.ActiveCfg = Release|Any CPU
		{10C79802-3566-435B-A941-BD7416142525}.Release|Any CPU.Build.0 = Release|Any CPU
		{B5B77444-664D-496E-B883-64D5BD2177E6}.Debug|Any CPU.ActiveCfg = Debug|Any CPU
		{B5B77444-664D-496E-B883-64D5BD2177E6}.Debug|Any CPU.Build.0 = Debug|Any CPU
		{B5B77444-664D-496E-B883-64D5BD2177E6}.Release|Any CPU.ActiveCfg = Release|Any CPU
		{B5B77444-664D-496E-B883-64D5BD2177E6}.Release|Any CPU.Build.0 = Release|Any CPU
		{016613A5-B3CD-414F-A6DA-B0196D0F8A62}.Debug|Any CPU.ActiveCfg = Debug|Any CPU
		{016613A5-B3CD-414F-A6DA-B0196D0F8A62}.Debug|Any CPU.Build.0 = Debug|Any CPU
		{016613A5-B3CD-414F-A6DA-B0196D0F8A62}.Release|Any CPU.ActiveCfg = Release|Any CPU
		{016613A5-B3CD-414F-A6DA-B0196D0F8A62}.Release|Any CPU.Build.0 = Release|Any CPU
		{120AEE85-EBB3-4BB1-9A03-FA644CBB13F1}.Debug|Any CPU.ActiveCfg = Debug|Any CPU
		{120AEE85-EBB3-4BB1-9A03-FA644CBB13F1}.Debug|Any CPU.Build.0 = Debug|Any CPU
		{120AEE85-EBB3-4BB1-9A03-FA644CBB13F1}.Release|Any CPU.ActiveCfg = Release|Any CPU
		{120AEE85-EBB3-4BB1-9A03-FA644CBB13F1}.Release|Any CPU.Build.0 = Release|Any CPU
		{623F9631-2C7F-46FE-9394-2E138F3DD06B}.Debug|Any CPU.ActiveCfg = Debug|Any CPU
		{623F9631-2C7F-46FE-9394-2E138F3DD06B}.Debug|Any CPU.Build.0 = Debug|Any CPU
		{623F9631-2C7F-46FE-9394-2E138F3DD06B}.Release|Any CPU.ActiveCfg = Release|Any CPU
		{623F9631-2C7F-46FE-9394-2E138F3DD06B}.Release|Any CPU.Build.0 = Release|Any CPU
		{3250E299-8B90-415D-800B-8389040B6D84}.Debug|Any CPU.ActiveCfg = Debug|Any CPU
		{3250E299-8B90-415D-800B-8389040B6D84}.Debug|Any CPU.Build.0 = Debug|Any CPU
		{3250E299-8B90-415D-800B-8389040B6D84}.Release|Any CPU.ActiveCfg = Release|Any CPU
		{3250E299-8B90-415D-800B-8389040B6D84}.Release|Any CPU.Build.0 = Release|Any CPU
		{74A66911-1EE5-4A26-972A-D5F288738A3F}.Debug|Any CPU.ActiveCfg = Debug|Any CPU
		{74A66911-1EE5-4A26-972A-D5F288738A3F}.Debug|Any CPU.Build.0 = Debug|Any CPU
		{74A66911-1EE5-4A26-972A-D5F288738A3F}.Release|Any CPU.ActiveCfg = Release|Any CPU
		{74A66911-1EE5-4A26-972A-D5F288738A3F}.Release|Any CPU.Build.0 = Release|Any CPU
		{327163C1-88DD-4906-BC83-9928F71B4026}.Debug|Any CPU.ActiveCfg = Debug|Any CPU
		{327163C1-88DD-4906-BC83-9928F71B4026}.Debug|Any CPU.Build.0 = Debug|Any CPU
		{327163C1-88DD-4906-BC83-9928F71B4026}.Release|Any CPU.ActiveCfg = Release|Any CPU
		{327163C1-88DD-4906-BC83-9928F71B4026}.Release|Any CPU.Build.0 = Release|Any CPU
		{7DE5E11D-CCE9-4D5B-9400-2E3D92973D02}.Debug|Any CPU.ActiveCfg = Debug|Any CPU
		{7DE5E11D-CCE9-4D5B-9400-2E3D92973D02}.Debug|Any CPU.Build.0 = Debug|Any CPU
		{7DE5E11D-CCE9-4D5B-9400-2E3D92973D02}.Release|Any CPU.ActiveCfg = Release|Any CPU
		{7DE5E11D-CCE9-4D5B-9400-2E3D92973D02}.Release|Any CPU.Build.0 = Release|Any CPU
		{1AF6D3AD-49FF-4557-AEF3-7BFA73250B96}.Debug|Any CPU.ActiveCfg = Debug|Any CPU
		{1AF6D3AD-49FF-4557-AEF3-7BFA73250B96}.Debug|Any CPU.Build.0 = Debug|Any CPU
		{1AF6D3AD-49FF-4557-AEF3-7BFA73250B96}.Release|Any CPU.ActiveCfg = Release|Any CPU
		{1AF6D3AD-49FF-4557-AEF3-7BFA73250B96}.Release|Any CPU.Build.0 = Release|Any CPU
		{0E87CAD5-3515-474E-B129-D828B469894E}.Debug|Any CPU.ActiveCfg = Debug|Any CPU
		{0E87CAD5-3515-474E-B129-D828B469894E}.Debug|Any CPU.Build.0 = Debug|Any CPU
		{0E87CAD5-3515-474E-B129-D828B469894E}.Release|Any CPU.ActiveCfg = Release|Any CPU
		{0E87CAD5-3515-474E-B129-D828B469894E}.Release|Any CPU.Build.0 = Release|Any CPU
		{4B2C4B5D-D269-49D5-8A45-624F70C74055}.Debug|Any CPU.ActiveCfg = Debug|Any CPU
		{4B2C4B5D-D269-49D5-8A45-624F70C74055}.Debug|Any CPU.Build.0 = Debug|Any CPU
		{4B2C4B5D-D269-49D5-8A45-624F70C74055}.Release|Any CPU.ActiveCfg = Release|Any CPU
		{4B2C4B5D-D269-49D5-8A45-624F70C74055}.Release|Any CPU.Build.0 = Release|Any CPU
		{5EEBFE3B-BC0B-4FDD-8125-B5CC42D1D203}.Debug|Any CPU.ActiveCfg = Debug|Any CPU
		{5EEBFE3B-BC0B-4FDD-8125-B5CC42D1D203}.Debug|Any CPU.Build.0 = Debug|Any CPU
		{5EEBFE3B-BC0B-4FDD-8125-B5CC42D1D203}.Release|Any CPU.ActiveCfg = Release|Any CPU
		{5EEBFE3B-BC0B-4FDD-8125-B5CC42D1D203}.Release|Any CPU.Build.0 = Release|Any CPU
		{7FE57979-BEBF-4453-A8D7-CF992A2EBA38}.Debug|Any CPU.ActiveCfg = Debug|Any CPU
		{7FE57979-BEBF-4453-A8D7-CF992A2EBA38}.Debug|Any CPU.Build.0 = Debug|Any CPU
		{7FE57979-BEBF-4453-A8D7-CF992A2EBA38}.Release|Any CPU.ActiveCfg = Release|Any CPU
		{7FE57979-BEBF-4453-A8D7-CF992A2EBA38}.Release|Any CPU.Build.0 = Release|Any CPU
		{35260251-9499-4166-98C2-C204E5534A05}.Debug|Any CPU.ActiveCfg = Debug|Any CPU
		{35260251-9499-4166-98C2-C204E5534A05}.Debug|Any CPU.Build.0 = Debug|Any CPU
		{35260251-9499-4166-98C2-C204E5534A05}.Release|Any CPU.ActiveCfg = Release|Any CPU
		{35260251-9499-4166-98C2-C204E5534A05}.Release|Any CPU.Build.0 = Release|Any CPU
	EndGlobalSection
	GlobalSection(SolutionProperties) = preSolution
		HideSolutionNode = FALSE
	EndGlobalSection
	GlobalSection(ExtensibilityGlobals) = postSolution
		SolutionGuid = {EDB08961-B0A0-45E3-97CA-7CDAD83E6F34}
	EndGlobalSection
EndGlobal
