
Microsoft Visual Studio Solution File, Format Version 12.00
# Visual Studio Version 17
VisualStudioVersion = 17.10.35122.118
MinimumVisualStudioVersion = 10.0.40219.1
Project("{9A19103F-16F7-4668-BE54-9A1E7A4F7556}") = "SimpleArrays", "SimpleArrays\SimpleArrays.csproj", "{826EB1CC-942A-4A04-92F4-F012F5C59758}"
EndProject
Project("{FAE04EC0-301F-11D3-BF4B-00C04F79EFBC}") = "ArrayInitialization", "ArrayInitialization\ArrayInitialization.csproj", "{866FC315-D13E-4F05-A490-7455F6AA69A5}"
EndProject
Global
	GlobalSection(SolutionConfigurationPlatforms) = preSolution
		Debug|Any CPU = Debug|Any CPU
		Release|Any CPU = Release|Any CPU
	EndGlobalSection
	GlobalSection(ProjectConfigurationPlatforms) = postSolution
		{826EB1CC-942A-4A04-92F4-F012F5C59758}.Debug|Any CPU.ActiveCfg = Debug|Any CPU
		{826EB1CC-942A-4A04-92F4-F012F5C59758}.Debug|Any CPU.Build.0 = Debug|Any CPU
		{826EB1CC-942A-4A04-92F4-F012F5C59758}.Release|Any CPU.ActiveCfg = Release|Any CPU
		{826EB1CC-942A-4A04-92F4-F012F5C59758}.Release|Any CPU.Build.0 = Release|Any CPU
		{866FC315-D13E-4F05-A490-7455F6AA69A5}.Debug|Any CPU.ActiveCfg = Debug|Any CPU
		{866FC315-D13E-4F05-A490-7455F6AA69A5}.Debug|Any CPU.Build.0 = Debug|Any CPU
		{866FC315-D13E-4F05-A490-7455F6AA69A5}.Release|Any CPU.ActiveCfg = Release|Any CPU
		{866FC315-D13E-4F05-A490-7455F6AA69A5}.Release|Any CPU.Build.0 = Release|Any CPU
	EndGlobalSection
	GlobalSection(SolutionProperties) = preSolution
		HideSolutionNode = FALSE
	EndGlobalSection
	GlobalSection(ExtensibilityGlobals) = postSolution
		SolutionGuid = {EDB08961-B0A0-45E3-97CA-7CDAD83E6F34}
	EndGlobalSection
EndGlobal
